---
lockfileVersion: '9.0'

importers:

  .:
    configDependencies: {}
    packageManagerDependencies:
      '@pnpm/exe':
        specifier: 11.20.0
        version: 11.20.0
      pnpm:
        specifier: 11.20.0
        version: 11.20.0

packages:

  '@pnpm/exe@11.20.0':
    resolution: {integrity: sha512-6ZiImENLhgpKifw3CltPmwSMhFLgSeEsNjJQvxFs5uu0mjqH6Rq6f7FDA1J7lBPOerxctUstMu3n+KA2qrWRlA==}
    hasBin: true

  '@pnpm/linux-arm64@11.20.0':
    resolution: {integrity: sha512-yrly8s9sGVKaHyO1soLP1z12YmOKOM0wNnVsKAEfeOoPsFkuf+3116kb4ysDlY8PZ5xJ9KDv+UXgDNOew7c7RA==}
    cpu: [arm64]
    os: [linux]

  '@pnpm/linux-x64@11.20.0':
    resolution: {integrity: sha512-B97xRRGMktHsPzIpEgK1BuCUtO3mwUTMpVW9fV+BoY/giCCoJvgTvZTqyY8gTKSNmiPrp7Twwn5Em0r04k2fAw==}
    cpu: [x64]
    os: [linux]

  '@pnpm/linuxstatic-arm64@11.20.0':
    resolution: {integrity: sha512-pdgQdxExyVLPNedhXH6RFHYCabXzfA4gU21JFWa+aXVSKI49QA817FzfjLed+hlHL+JMH7HQZvooqw3VdvLTzQ==}
    cpu: [arm64]
    os: [linux]
    libc: [musl]

  '@pnpm/linuxstatic-x64@11.20.0':
    resolution: {integrity: sha512-n1pyBbXenYQJFi8nQ5Z0h4eUd9CTzbVFfnhODqYl27xqRxu8yODx5NzpCBfCczczcedCUU9NPq9McH0KtK7gyA==}
    cpu: [x64]
    os: [linux]
    libc: [musl]

  '@pnpm/macos-arm64@11.20.0':
    resolution: {integrity: sha512-tGuwiSQWvNxKEnABtAWWLhoL3ACE6DKZstYRNjMIFouNZqHy8PsQGFnBMoKiSqtGEx7EQ7sLa+bpJsb7y6bXoA==}
    cpu: [arm64]
    os: [darwin]

  '@pnpm/win-arm64@11.20.0':
    resolution: {integrity: sha512-F4GacJqJaRDxgkpUsfefRcMC6jgrjYUnhDc/mfPPUvWUe3ioLm5LSdjyvtTbbIs8d/nojMQyV9H1PS1w7pFshg==}
    cpu: [arm64]
    os: [win32]

  '@pnpm/win-x64@11.20.0':
    resolution: {integrity: sha512-0Db1+7D7TtvYT0ecBRhkaD8YSMcVyiArOtWqvm0UrIu8l7wWx9FgP/8NKbpg9qKHi00UxsLd03AVPl9hx2BzSw==}
    cpu: [x64]
    os: [win32]

  '@reflink/reflink-darwin-arm64@0.1.19':
    resolution: {integrity: sha512-ruy44Lpepdk1FqDz38vExBY/PVUsjxZA+chd9wozjUH9JjuDT/HEaQYA6wYN9mf041l0yLVar6BCZuWABJvHSA==}
    engines: {node: '>= 10'}
    cpu: [arm64]
    os: [darwin]

  '@reflink/reflink-darwin-x64@0.1.19':
    resolution: {integrity: sha512-By85MSWrMZa+c26TcnAy8SDk0sTUkYlNnwknSchkhHpGXOtjNDUOxJE9oByBnGbeuIE1PiQsxDG3Ud+IVV9yuA==}
    engines: {node: '>= 10'}
    cpu: [x64]
    os: [darwin]

  '@reflink/reflink-linux-arm64-gnu@0.1.19':
    resolution: {integrity: sha512-7P+er8+rP9iNeN+bfmccM4hTAaLP6PQJPKWSA4iSk2bNvo6KU6RyPgYeHxXmzNKzPVRcypZQTpFgstHam6maVg==}
    engines: {node: '>= 10'}
    cpu: [arm64]
    os: [linux]
    libc: [glibc]

  '@reflink/reflink-linux-arm64-musl@0.1.19':
    resolution: {integrity: sha512-37iO/Dp6m5DDaC2sf3zPtx/hl9FV3Xze4xoYidrxxS9bgP3S8ALroxRK6xBG/1TtfXKTvolvp+IjrUU6ujIGmA==}
    engines: {node: '>= 10'}
    cpu: [arm64]
    os: [linux]
    libc: [musl]

  '@reflink/reflink-linux-x64-gnu@0.1.19':
    resolution: {integrity: sha512-jbI8jvuYCaA3MVUdu8vLoLAFqC+iNMpiSuLbxlAgg7x3K5bsS8nOpTRnkLF7vISJ+rVR8W+7ThXlXlUQ93ulkw==}
    engines: {node: '>= 10'}
    cpu: [x64]
    os: [linux]
    libc: [glibc]

  '@reflink/reflink-linux-x64-musl@0.1.19':
    resolution: {integrity: sha512-e9FBWDe+lv7QKAwtKOt6A2W/fyy/aEEfr0g6j/hWzvQcrzHCsz07BNQYlNOjTfeytrtLU7k449H1PI95jA4OjQ==}
    engines: {node: '>= 10'}
    cpu: [x64]
    os: [linux]
    libc: [musl]

  '@reflink/reflink-win32-arm64-msvc@0.1.19':
    resolution: {integrity: sha512-09PxnVIQcd+UOn4WAW73WU6PXL7DwGS6wPlkMhMg2zlHHG65F3vHepOw06HFCq+N42qkaNAc8AKIabWvtk6cIQ==}
    engines: {node: '>= 10'}
    cpu: [arm64]
    os: [win32]

  '@reflink/reflink-win32-x64-msvc@0.1.19':
    resolution: {integrity: sha512-E//yT4ni2SyhwP8JRjVGWr3cbnhWDiPLgnQ66qqaanjjnMiu3O/2tjCPQXlcGc/DEYofpDc9fvhv6tALQsMV9w==}
    engines: {node: '>= 10'}
    cpu: [x64]
    os: [win32]

  '@reflink/reflink@0.1.19':
    resolution: {integrity: sha512-DmCG8GzysnCZ15bres3N5AHCmwBwYgp0As6xjhQ47rAUTUXxJiK+lLUxaGsX3hd/30qUpVElh05PbGuxRPgJwA==}
    engines: {node: '>= 10'}

  detect-libc@2.1.2:
    resolution: {integrity: sha512-Btj2BOOO83o3WyH59e8MgXsxEQVcarkUOpEYrubB0urwnN10yQ364rsiByU11nZlqWYZm05i/of7io4mzihBtQ==}
    engines: {node: '>=8'}

  pnpm@11.20.0:
    resolution: {integrity: sha512-mm8zCpW2ZEbqCI+vFSFAWooB8H/ecSTMmVjf7VLUu0NnN+ZbCPhfN7Rvy6N1CSVYrFEmK4FoRLIvY0Bu0Wa/7g==}
    engines: {node: '>=22.13'}
    hasBin: true

snapshots:

  '@pnpm/exe@11.20.0':
    dependencies:
      '@reflink/reflink': 0.1.19
      detect-libc: 2.1.2
    optionalDependencies:
      '@pnpm/linux-arm64': 11.20.0
      '@pnpm/linux-x64': 11.20.0
      '@pnpm/linuxstatic-arm64': 11.20.0
      '@pnpm/linuxstatic-x64': 11.20.0
      '@pnpm/macos-arm64': 11.20.0
      '@pnpm/win-arm64': 11.20.0
      '@pnpm/win-x64': 11.20.0

  '@pnpm/linux-arm64@11.20.0':
    optional: true

  '@pnpm/linux-x64@11.20.0':
    optional: true

  '@pnpm/linuxstatic-arm64@11.20.0':
    optional: true

  '@pnpm/linuxstatic-x64@11.20.0':
    optional: true

  '@pnpm/macos-arm64@11.20.0':
    optional: true

  '@pnpm/win-arm64@11.20.0':
    optional: true

  '@pnpm/win-x64@11.20.0':
    optional: true

  '@reflink/reflink-darwin-arm64@0.1.19':
    optional: true

  '@reflink/reflink-darwin-x64@0.1.19':
    optional: true

  '@reflink/reflink-linux-arm64-gnu@0.1.19':
    optional: true

  '@reflink/reflink-linux-arm64-musl@0.1.19':
    optional: true

  '@reflink/reflink-linux-x64-gnu@0.1.19':
    optional: true

  '@reflink/reflink-linux-x64-musl@0.1.19':
    optional: true

  '@reflink/reflink-win32-arm64-msvc@0.1.19':
    optional: true

  '@reflink/reflink-win32-x64-msvc@0.1.19':
    optional: true

  '@reflink/reflink@0.1.19':
    optionalDependencies:
      '@reflink/reflink-darwin-arm64': 0.1.19
      '@reflink/reflink-darwin-x64': 0.1.19
      '@reflink/reflink-linux-arm64-gnu': 0.1.19
      '@reflink/reflink-linux-arm64-musl': 0.1.19
      '@reflink/reflink-linux-x64-gnu': 0.1.19
      '@reflink/reflink-linux-x64-musl': 0.1.19
      '@reflink/reflink-win32-arm64-msvc': 0.1.19
      '@reflink/reflink-win32-x64-msvc': 0.1.19

  detect-libc@2.1.2: {}

  pnpm@11.20.0: {}

---
lockfileVersion: '9.0'

settings:
  autoInstallPeers: true
  excludeLinksFromLockfile: false

importers:

  .:
    dependencies:
      cors:
        specifier: ^2.8.6
        version: 2.8.6
      socket.io:
        specifier: ^4.8.3
        version: 4.8.3

packages:

  '@socket.io/component-emitter@3.1.2':
    resolution: {integrity: sha512-9BCxFwvbGg/RsZK9tjXd8s4UcwR0MWeFQ1XEKIQVVvAGJyINdrqKMcTRyLoK8Rse1GjzLV9cwjWV1olXRWEXVA==}

  '@types/cors@2.8.19':
    resolution: {integrity: sha512-mFNylyeyqN93lfe/9CSxOGREz8cpzAhH+E93xJ4xWQf62V8sQ/24reV2nyzUWM6H6Xji+GGHpkbLe7pVoUEskg==}

  '@types/node@26.2.0':
    resolution: {integrity: sha512-5IviulTZeRNp2vAJ514cc/HUlY5nZ9fCbq9DMyC52BrhFZACo3nI0R7qBxhQmo/d27NFe96ur/b7Wwxklda+kg==}

  '@types/ws@8.18.1':
    resolution: {integrity: sha512-ThVF6DCVhA8kUGy+aazFQ4kXQ7E1Ty7A3ypFOe0IcJV8O/M511G99AW24irKrW56Wt44yG9+ij8FaqoBGkuBXg==}

  accepts@1.3.8:
    resolution: {integrity: sha512-PYAthTa2m2VKxuvSD3DPC/Gy+U+sOA1LAuT8mkmRuvw+NACSaeXEQ+NHcVF7rONl6qcaxV3Uuemwawk+7+SJLw==}
    engines: {node: '>= 0.6'}

  base64id@2.0.0:
    resolution: {integrity: sha512-lGe34o6EHj9y3Kts9R4ZYs/Gr+6N7MCaMlIFA3F1R2O5/m7K06AxfSeO5530PEERE6/WyEg3lsuyw4GHlPZHog==}
    engines: {node: ^4.5.0 || >= 5.9}

  cookie@0.7.2:
    resolution: {integrity: sha512-yki5XnKuf750l50uGTllt6kKILY4nQ1eNIQatoXEByZ5dWgnKqbnqmTrBE5B4N7lrMJKQ2ytWMiTO2o0v6Ew/w==}
    engines: {node: '>= 0.6'}

  cors@2.8.6:
    resolution: {integrity: sha512-tJtZBBHA6vjIAaF6EnIaq6laBBP9aq/Y3ouVJjEfoHbRBcHBAHYcMh/w8LDrk2PvIMMq8gmopa5D4V8RmbrxGw==}
    engines: {node: '>= 0.10'}

  debug@4.4.3:
    resolution: {integrity: sha512-RGwwWnwQvkVfavKVt22FGLw+xYSdzARwm0ru6DhTVA3umU5hZc28V3kO4stgYryrTlLpuvgI9GiijltAjNbcqA==}
    engines: {node: '>=6.0'}
    peerDependencies:
      supports-color: '*'
    peerDependenciesMeta:
      supports-color:
        optional: true

  engine.io-parser@5.2.3:
    resolution: {integrity: sha512-HqD3yTBfnBxIrbnM1DoD6Pcq8NECnh8d4As1Qgh0z5Gg3jRRIqijury0CL3ghu/edArpUYiYqQiDUQBIs4np3Q==}
    engines: {node: '>=10.0.0'}

  engine.io@6.6.9:
    resolution: {integrity: sha512-clKkw4C7nJ22mGgoVcCg6V/W/TxdNyIOTr89k2ONZu81qqkddPFDF0LXcbAwhzPD8DjkiRCjzuiO6Y+fkpD4vg==}
    engines: {node: '>=10.2.0'}

  mime-db@1.52.0:
    resolution: {integrity: sha512-sPU4uV7dYlvtWJxwwxHD0PuihVNiE7TyAbQ5SWxDCB9mUYvOgroQOwYQQOKPJ8CIbE+1ETVlOoK1UC2nU3gYvg==}
    engines: {node: '>= 0.6'}

  mime-types@2.1.35:
    resolution: {integrity: sha512-ZDY+bPm5zTTF+YpCrAU9nK0UgICYPT0QtT1NZWFv4s++TNkcgVaT0g6+4R2uI4MjQjzysHB1zxuWL50hzaeXiw==}
    engines: {node: '>= 0.6'}

  ms@2.1.3:
    resolution: {integrity: sha512-6FlzubTLZG3J2a/NVCAleEhjzq5oxgHyaCU9yYXvcLsvoVaHJq/s5xXI6/XXP6tz7R9xAOtHnSO/tXtF3WRTlA==}

  negotiator@0.6.3:
    resolution: {integrity: sha512-+EUsqGPLsM+j/zdChZjsnX51g4XrHFOIXwfnCVPGlQk/k5giakcKsuxCObBRu6DSm9opw/O6slWbJdghQM4bBg==}
    engines: {node: '>= 0.6'}

  object-assign@4.1.1:
    resolution: {integrity: sha512-rJgTQnkUnH1sFw8yT6VSU3zD3sWmu6sZhIseY8VX+GRu3P6F7Fu+JNDoXfklElbLJSnc3FUQHVe4cU5hj+BcUg==}
    engines: {node: '>=0.10.0'}

  socket.io-adapter@2.5.8:
    resolution: {integrity: sha512-6Oy52pbg+kvdCVvjcN+FnY7BvxZ7cIHNScbvztT/It5d0vbwoJoVZmF2gjJmnV0/4WlXRfG15zc45ySk9Ah8bw==}

  socket.io-parser@4.2.7:
    resolution: {integrity: sha512-IH/iSeO9T6gz1KkFleGDWkG9N3dl4jXVYUtMhIqH10Md0ttMer8nUNWiP1DKuNrybD2xBrixLJdCC9J6ECoYkg==}
    engines: {node: '>=10.0.0'}

  socket.io@4.8.3:
    resolution: {integrity: sha512-2Dd78bqzzjE6KPkD5fHZmDAKRNe3J15q+YHDrIsy9WEkqttc7GY+kT9OBLSMaPbQaEd0x1BjcmtMtXkfpc+T5A==}
    engines: {node: '>=10.2.0'}

  undici-types@8.3.0:
    resolution: {integrity: sha512-j375ScV60dom+YkPFIfTLcOiPxkN/buHz5GobjLhixFuANaNs3C9l4GmrWqejgXWJ7BbJcFYpTEUkS1Ge8bpZQ==}

  vary@1.1.2:
    resolution: {integrity: sha512-BNGbWLfd0eUPabhkXUVm0j8uuvREyTh5ovRa/dyow/BqAbZJyC+5fU+IzQOzmAKzYqYRAISoRhdQr3eIZ/PXqg==}
    engines: {node: '>= 0.8'}

  ws@8.21.3:
    resolution: {integrity: sha512-201TZ/kPWxoPr/OKWjquZR1SWKXcvxdH+e1xrx89b3YbmzLMFCLfnaG1HFIgWzJOEWZ7MvpK++odZufgYR50Rw==}
    engines: {node: '>=10.0.0'}
    peerDependencies:
      bufferutil: ^4.0.1
      utf-8-validate: '>=5.0.2'
    peerDependenciesMeta:
      bufferutil:
        optional: true
      utf-8-validate:
        optional: true

snapshots:

  '@socket.io/component-emitter@3.1.2': {}

  '@types/cors@2.8.19':
    dependencies:
      '@types/node': 26.2.0

  '@types/node@26.2.0':
    dependencies:
      undici-types: 8.3.0

  '@types/ws@8.18.1':
    dependencies:
      '@types/node': 26.2.0

  accepts@1.3.8:
    dependencies:
      mime-types: 2.1.35
      negotiator: 0.6.3

  base64id@2.0.0: {}

  cookie@0.7.2: {}

  cors@2.8.6:
    dependencies:
      object-assign: 4.1.1
      vary: 1.1.2

  debug@4.4.3:
    dependencies:
      ms: 2.1.3

  engine.io-parser@5.2.3: {}

  engine.io@6.6.9:
    dependencies:
      '@types/cors': 2.8.19
      '@types/node': 26.2.0
      '@types/ws': 8.18.1
      accepts: 1.3.8
      base64id: 2.0.0
      cookie: 0.7.2
      cors: 2.8.6
      debug: 4.4.3
      engine.io-parser: 5.2.3
      ws: 8.21.3
    transitivePeerDependencies:
      - bufferutil
      - supports-color
      - utf-8-validate

  mime-db@1.52.0: {}

  mime-types@2.1.35:
    dependencies:
      mime-db: 1.52.0

  ms@2.1.3: {}

  negotiator@0.6.3: {}

  object-assign@4.1.1: {}

  socket.io-adapter@2.5.8:
    dependencies:
      debug: 4.4.3
      ws: 8.21.3
    transitivePeerDependencies:
      - bufferutil
      - supports-color
      - utf-8-validate

  socket.io-parser@4.2.7:
    dependencies:
      '@socket.io/component-emitter': 3.1.2
      debug: 4.4.3
    transitivePeerDependencies:
      - supports-color

  socket.io@4.8.3:
    dependencies:
      accepts: 1.3.8
      base64id: 2.0.0
      cors: 2.8.6
      debug: 4.4.3
      engine.io: 6.6.9
      socket.io-adapter: 2.5.8
      socket.io-parser: 4.2.7
    transitivePeerDependencies:
      - bufferutil
      - supports-color
      - utf-8-validate

  undici-types@8.3.0: {}

  vary@1.1.2: {}

  ws@8.21.3: {}
